
Microsoft Visual Studio Solution File, Format Version 12.00
# Visual Studio Version 17
VisualStudioVersion = 17.3.32922.545
MinimumVisualStudioVersion = 10.0.40219.1
Project("{FAE04EC0-301F-11D3-BF4B-00C04F79EFBC}") = "EDocsTestes", "EDocsTestes.csproj", "{FBC50F9B-27C2-4481-893E-2DC0A30B10D0}"
EndProject
Global
	GlobalSection(SolutionConfigurationPlatforms) = preSolution
		Debug|Any CPU = Debug|Any CPU
		Release|Any CPU = Release|Any CPU
	EndGlobalSection
	GlobalSection(ProjectConfigurationPlatforms) = postSolution
		{FBC50F9B-27C2-4481-893E-2DC0A30B10D0}.Debug|Any CPU.ActiveCfg = Debug|Any CPU
		{FBC50F9B-27C2-4481-893E-2DC0A30B10D0}.Debug|Any CPU.Build.0 = Debug|Any CPU
		{FBC50F9B-27C2-4481-893E-2DC0A30B10D0}.Release|Any CPU.ActiveCfg = Release|Any CPU
		{FBC50F9B-27C2-4481-893E-2DC0A30B10D0}.Release|Any CPU.Build.0 = Release|Any CPU
	EndGlobalSection
	GlobalSection(SolutionProperties) = preSolution
		HideSolutionNode = FALSE
	EndGlobalSection
	GlobalSection(ExtensibilityGlobals) = postSolution
		SolutionGuid = {A5BC9BA9-AA6F-4E67-9CC8-AABCA73816F4}
	EndGlobalSection
EndGlobal
